// !$*UTF8*$!
{
	archiveVersion = 1;
	classes = {
	};
	objectVersion = 56;
	objects = {

/* Begin PBXBuildFile section */
		0286E055745FCEADD20619E3 /* Pods_Buzz.framework in Frameworks */ = {isa = PBXBuildFile; fileRef = A2861EECCCCD586BB1DE97CA /* Pods_Buzz.framework */; };
		42C563172CC2C18D008831E4 /* AppDelegate.swift in Sources */ = {isa = PBXBuildFile; fileRef = 42C563162CC2C18D008831E4 /* AppDelegate.swift */; };
		42C563192CC2C18D008831E4 /* SceneDelegate.swift in Sources */ = {isa = PBXBuildFile; fileRef = 42C563182CC2C18D008831E4 /* SceneDelegate.swift */; };
		42C563202CC2C18F008831E4 /* Assets.xcassets in Resources */ = {isa = PBXBuildFile; fileRef = 42C5631F2CC2C18F008831E4 /* Assets.xcassets */; };
		42C563232CC2C18F008831E4 /* Base in Resources */ = {isa = PBXBuildFile; fileRef = 42C563222CC2C18F008831E4 /* Base */; };
		42C5632C2CC2C1FC008831E4 /* NewsListViewController.swift in Sources */ = {isa = PBXBuildFile; fileRef = 42C5632B2CC2C1FC008831E4 /* NewsListViewController.swift */; };
		42C5632F2CC2C262008831E4 /* NewsListRouter.swift in Sources */ = {isa = PBXBuildFile; fileRef = 42C5632E2CC2C262008831E4 /* NewsListRouter.swift */; };
		42C563322CC677A5008831E4 /* URLSessionNetworking.swift in Sources */ = {isa = PBXBuildFile; fileRef = 42C563312CC677A5008831E4 /* URLSessionNetworking.swift */; };
		42C563352CC67B02008831E4 /* Article.swift in Sources */ = {isa = PBXBuildFile; fileRef = 42C563342CC67B02008831E4 /* Article.swift */; };
		42C563382CC67C28008831E4 /* NewsApiWorker.swift in Sources */ = {isa = PBXBuildFile; fileRef = 42C563372CC67C28008831E4 /* NewsApiWorker.swift */; };
		42C5633A2CC6AE11008831E4 /* NewsListInteractor.swift in Sources */ = {isa = PBXBuildFile; fileRef = 42C563392CC6AE10008831E4 /* NewsListInteractor.swift */; };
		42C563412CC6B94C008831E4 /* NewsListModel.swift in Sources */ = {isa = PBXBuildFile; fileRef = 42C563402CC6B94C008831E4 /* NewsListModel.swift */; };
		42C563442CC6EF03008831E4 /* NewsListPresenter.swift in Sources */ = {isa = PBXBuildFile; fileRef = 42C563432CC6EF03008831E4 /* NewsListPresenter.swift */; };
		42C563472CC6F0E0008831E4 /* Date+.swift in Sources */ = {isa = PBXBuildFile; fileRef = 42C563462CC6F0E0008831E4 /* Date+.swift */; };
		42C563492CC814BC008831E4 /* NewsListArticleCell.swift in Sources */ = {isa = PBXBuildFile; fileRef = 42C563482CC814BC008831E4 /* NewsListArticleCell.swift */; };
		42F9E1122CCB10E300BA7450 /* NewsListDetailsViewController.swift in Sources */ = {isa = PBXBuildFile; fileRef = 42F9E1112CCB10E300BA7450 /* NewsListDetailsViewController.swift */; };
		42F9E1162CCB16E400BA7450 /* NewsListDetailInteractor.swift in Sources */ = {isa = PBXBuildFile; fileRef = 42F9E1152CCB16E400BA7450 /* NewsListDetailInteractor.swift */; };
		42F9E1192CCB187C00BA7450 /* NewsListDetailsPresenter.swift in Sources */ = {isa = PBXBuildFile; fileRef = 42F9E1182CCB187C00BA7450 /* NewsListDetailsPresenter.swift */; };
		42F9E11C2CCB193F00BA7450 /* NewsListDetailModel.swift in Sources */ = {isa = PBXBuildFile; fileRef = 42F9E11B2CCB193F00BA7450 /* NewsListDetailModel.swift */; };
/* End PBXBuildFile section */

/* Begin PBXFileReference section */
		42C563132CC2C18D008831E4 /* Buzz.app */ = {isa = PBXFileReference; explicitFileType = wrapper.application; includeInIndex = 0; path = Buzz.app; sourceTree = BUILT_PRODUCTS_DIR; };
		42C563162CC2C18D008831E4 /* AppDelegate.swift */ = {isa = PBXFileReference; lastKnownFileType = sourcecode.swift; path = AppDelegate.swift; sourceTree = "<group>"; };
		42C563182CC2C18D008831E4 /* SceneDelegate.swift */ = {isa = PBXFileReference; lastKnownFileType = sourcecode.swift; path = SceneDelegate.swift; sourceTree = "<group>"; };
		42C5631F2CC2C18F008831E4 /* Assets.xcassets */ = {isa = PBXFileReference; lastKnownFileType = folder.assetcatalog; path = Assets.xcassets; sourceTree = "<group>"; };
		42C563222CC2C18F008831E4 /* Base */ = {isa = PBXFileReference; lastKnownFileType = file.storyboard; name = Base; path = Base.lproj/LaunchScreen.storyboard; sourceTree = "<group>"; };
		42C563242CC2C18F008831E4 /* Info.plist */ = {isa = PBXFileReference; lastKnownFileType = text.plist.xml; path = Info.plist; sourceTree = "<group>"; };
		42C5632B2CC2C1FC008831E4 /* NewsListViewController.swift */ = {isa = PBXFileReference; lastKnownFileType = sourcecode.swift; path = NewsListViewController.swift; sourceTree = "<group>"; };
		42C5632E2CC2C262008831E4 /* NewsListRouter.swift */ = {isa = PBXFileReference; lastKnownFileType = sourcecode.swift; path = NewsListRouter.swift; sourceTree = "<group>"; };
		42C563312CC677A5008831E4 /* URLSessionNetworking.swift */ = {isa = PBXFileReference; lastKnownFileType = sourcecode.swift; path = URLSessionNetworking.swift; sourceTree = "<group>"; };
		42C563342CC67B02008831E4 /* Article.swift */ = {isa = PBXFileReference; lastKnownFileType = sourcecode.swift; path = Article.swift; sourceTree = "<group>"; };
		42C563372CC67C28008831E4 /* NewsApiWorker.swift */ = {isa = PBXFileReference; lastKnownFileType = sourcecode.swift; path = NewsApiWorker.swift; sourceTree = "<group>"; };
		42C563392CC6AE10008831E4 /* NewsListInteractor.swift */ = {isa = PBXFileReference; lastKnownFileType = sourcecode.swift; path = NewsListInteractor.swift; sourceTree = "<group>"; };
		42C563402CC6B94C008831E4 /* NewsListModel.swift */ = {isa = PBXFileReference; lastKnownFileType = sourcecode.swift; path = NewsListModel.swift; sourceTree = "<group>"; };
		42C563432CC6EF03008831E4 /* NewsListPresenter.swift */ = {isa = PBXFileReference; lastKnownFileType = sourcecode.swift; path = NewsListPresenter.swift; sourceTree = "<group>"; };
		42C563462CC6F0E0008831E4 /* Date+.swift */ = {isa = PBXFileReference; lastKnownFileType = sourcecode.swift; path = "Date+.swift"; sourceTree = "<group>"; };
		42C563482CC814BC008831E4 /* NewsListArticleCell.swift */ = {isa = PBXFileReference; lastKnownFileType = sourcecode.swift; path = NewsListArticleCell.swift; sourceTree = "<group>"; };
		42F9E1112CCB10E300BA7450 /* NewsListDetailsViewController.swift */ = {isa = PBXFileReference; lastKnownFileType = sourcecode.swift; path = NewsListDetailsViewController.swift; sourceTree = "<group>"; };
		42F9E1152CCB16E400BA7450 /* NewsListDetailInteractor.swift */ = {isa = PBXFileReference; lastKnownFileType = sourcecode.swift; path = NewsListDetailInteractor.swift; sourceTree = "<group>"; };
		42F9E1182CCB187C00BA7450 /* NewsListDetailsPresenter.swift */ = {isa = PBXFileReference; lastKnownFileType = sourcecode.swift; path = NewsListDetailsPresenter.swift; sourceTree = "<group>"; };
		42F9E11B2CCB193F00BA7450 /* NewsListDetailModel.swift */ = {isa = PBXFileReference; lastKnownFileType = sourcecode.swift; path = NewsListDetailModel.swift; sourceTree = "<group>"; };
		591CE518A271CD014BC326D8 /* Pods-Buzz.release.xcconfig */ = {isa = PBXFileReference; includeInIndex = 1; lastKnownFileType = text.xcconfig; name = "Pods-Buzz.release.xcconfig"; path = "Target Support Files/Pods-Buzz/Pods-Buzz.release.xcconfig"; sourceTree = "<group>"; };
		A2861EECCCCD586BB1DE97CA /* Pods_Buzz.framework */ = {isa = PBXFileReference; explicitFileType = wrapper.framework; includeInIndex = 0; path = Pods_Buzz.framework; sourceTree = BUILT_PRODUCTS_DIR; };
		BA14F55034F7CE993BCB9754 /* Pods-Buzz.debug.xcconfig */ = {isa = PBXFileReference; includeInIndex = 1; lastKnownFileType = text.xcconfig; name = "Pods-Buzz.debug.xcconfig"; path = "Target Support Files/Pods-Buzz/Pods-Buzz.debug.xcconfig"; sourceTree = "<group>"; };
/* End PBXFileReference section */

/* Begin PBXFrameworksBuildPhase section */
		42C563102CC2C18D008831E4 /* Frameworks */ = {
			isa = PBXFrameworksBuildPhase;
			buildActionMask = 2147483647;
			files = (
				0286E055745FCEADD20619E3 /* Pods_Buzz.framework in Frameworks */,
			);
			runOnlyForDeploymentPostprocessing = 0;
		};
/* End PBXFrameworksBuildPhase section */

/* Begin PBXGroup section */
		42C5630A2CC2C18D008831E4 = {
			isa = PBXGroup;
			children = (
				42C563152CC2C18D008831E4 /* Buzz */,
				42C563142CC2C18D008831E4 /* Products */,
				92BF9355562EEB83F8BF3B25 /* Pods */,
				AC3037FD5B5C33BBB795840E /* Frameworks */,
			);
			sourceTree = "<group>";
		};
		42C563142CC2C18D008831E4 /* Products */ = {
			isa = PBXGroup;
			children = (
				42C563132CC2C18D008831E4 /* Buzz.app */,
			);
			name = Products;
			sourceTree = "<group>";
		};
		42C563152CC2C18D008831E4 /* Buzz */ = {
			isa = PBXGroup;
			children = (
				42C563362CC67C12008831E4 /* Worker */,
				42C563332CC67AEF008831E4 /* Model */,
				42C563302CC67788008831E4 /* Services */,
				42C5632A2CC2C1ED008831E4 /* Scenes */,
				42C563452CC6F0D1008831E4 /* Utils */,
				42C563162CC2C18D008831E4 /* AppDelegate.swift */,
				42C563182CC2C18D008831E4 /* SceneDelegate.swift */,
				42C5631F2CC2C18F008831E4 /* Assets.xcassets */,
				42C563212CC2C18F008831E4 /* LaunchScreen.storyboard */,
				42C563242CC2C18F008831E4 /* Info.plist */,
			);
			path = Buzz;
			sourceTree = "<group>";
		};
		42C5632A2CC2C1ED008831E4 /* Scenes */ = {
			isa = PBXGroup;
			children = (
				42F9E1102CCB0FA900BA7450 /* NewsListDetails */,
				42C5632D2CC2C230008831E4 /* NewsList */,
			);
			path = Scenes;
			sourceTree = "<group>";
		};
		42C5632D2CC2C230008831E4 /* NewsList */ = {
			isa = PBXGroup;
			children = (
				42C5633B2CC6B903008831E4 /* View */,
				42C5633D2CC6B913008831E4 /* Interactor */,
				42C5633F2CC6B92E008831E4 /* Presenter */,
				42C5633E2CC6B91E008831E4 /* Model */,
				42C5633C2CC6B90B008831E4 /* Router */,
			);
			path = NewsList;
			sourceTree = "<group>";
		};
		42C563302CC67788008831E4 /* Services */ = {
			isa = PBXGroup;
			children = (
				42C563312CC677A5008831E4 /* URLSessionNetworking.swift */,
			);
			path = Services;
			sourceTree = "<group>";
		};
		42C563332CC67AEF008831E4 /* Model */ = {
			isa = PBXGroup;
			children = (
				42C563342CC67B02008831E4 /* Article.swift */,
			);
			path = Model;
			sourceTree = "<group>";
		};
		42C563362CC67C12008831E4 /* Worker */ = {
			isa = PBXGroup;
			children = (
				42C563372CC67C28008831E4 /* NewsApiWorker.swift */,
			);
			path = Worker;
			sourceTree = "<group>";
		};
		42C5633B2CC6B903008831E4 /* View */ = {
			isa = PBXGroup;
			children = (
				42C5632B2CC2C1FC008831E4 /* NewsListViewController.swift */,
				42C563482CC814BC008831E4 /* NewsListArticleCell.swift */,
			);
			path = View;
			sourceTree = "<group>";
		};
		42C5633C2CC6B90B008831E4 /* Router */ = {
			isa = PBXGroup;
			children = (
				42C5632E2CC2C262008831E4 /* NewsListRouter.swift */,
			);
			path = Router;
			sourceTree = "<group>";
		};
		42C5633D2CC6B913008831E4 /* Interactor */ = {
			isa = PBXGroup;
			children = (
				42C563392CC6AE10008831E4 /* NewsListInteractor.swift */,
			);
			path = Interactor;
			sourceTree = "<group>";
		};
		42C5633E2CC6B91E008831E4 /* Model */ = {
			isa = PBXGroup;
			children = (
				42C563402CC6B94C008831E4 /* NewsListModel.swift */,
			);
			path = Model;
			sourceTree = "<group>";
		};
		42C5633F2CC6B92E008831E4 /* Presenter */ = {
			isa = PBXGroup;
			children = (
				42C563432CC6EF03008831E4 /* NewsListPresenter.swift */,
			);
			path = Presenter;
			sourceTree = "<group>";
		};
		42C563452CC6F0D1008831E4 /* Utils */ = {
			isa = PBXGroup;
			children = (
				42C563462CC6F0E0008831E4 /* Date+.swift */,
			);
			path = Utils;
			sourceTree = "<group>";
		};
		42F9E1102CCB0FA900BA7450 /* NewsListDetails */ = {
			isa = PBXGroup;
			children = (
				42F9E11A2CCB193200BA7450 /* Model */,
				42F9E1172CCB186B00BA7450 /* Presenter */,
				42F9E1142CCB16D500BA7450 /* Interactor */,
				42F9E1132CCB16CA00BA7450 /* View */,
			);
			path = NewsListDetails;
			sourceTree = "<group>";
		};
		42F9E1132CCB16CA00BA7450 /* View */ = {
			isa = PBXGroup;
			children = (
				42F9E1112CCB10E300BA7450 /* NewsListDetailsViewController.swift */,
			);
			path = View;
			sourceTree = "<group>";
		};
		42F9E1142CCB16D500BA7450 /* Interactor */ = {
			isa = PBXGroup;
			children = (
				42F9E1152CCB16E400BA7450 /* NewsListDetailInteractor.swift */,
			);
			path = Interactor;
			sourceTree = "<group>";
		};
		42F9E1172CCB186B00BA7450 /* Presenter */ = {
			isa = PBXGroup;
			children = (
				42F9E1182CCB187C00BA7450 /* NewsListDetailsPresenter.swift */,
			);
			path = Presenter;
			sourceTree = "<group>";
		};
		42F9E11A2CCB193200BA7450 /* Model */ = {
			isa = PBXGroup;
			children = (
				42F9E11B2CCB193F00BA7450 /* NewsListDetailModel.swift */,
			);
			path = Model;
			sourceTree = "<group>";
		};
		92BF9355562EEB83F8BF3B25 /* Pods */ = {
			isa = PBXGroup;
			children = (
				BA14F55034F7CE993BCB9754 /* Pods-Buzz.debug.xcconfig */,
				591CE518A271CD014BC326D8 /* Pods-Buzz.release.xcconfig */,
			);
			path = Pods;
			sourceTree = "<group>";
		};
		AC3037FD5B5C33BBB795840E /* Frameworks */ = {
			isa = PBXGroup;
			children = (
				A2861EECCCCD586BB1DE97CA /* Pods_Buzz.framework */,
			);
			name = Frameworks;
			sourceTree = "<group>";
		};
/* End PBXGroup section */

/* Begin PBXNativeTarget section */
		42C563122CC2C18D008831E4 /* Buzz */ = {
			isa = PBXNativeTarget;
			buildConfigurationList = 42C563272CC2C18F008831E4 /* Build configuration list for PBXNativeTarget "Buzz" */;
			buildPhases = (
				9552417FB00BB6F68E81E246 /* [CP] Check Pods Manifest.lock */,
				42C5630F2CC2C18D008831E4 /* Sources */,
				42C563102CC2C18D008831E4 /* Frameworks */,
				42C563112CC2C18D008831E4 /* Resources */,
				E90A23C7158596D5C7FF9122 /* [CP] Embed Pods Frameworks */,
			);
			buildRules = (
			);
			dependencies = (
			);
			name = Buzz;
			productName = Buzz;
			productReference = 42C563132CC2C18D008831E4 /* Buzz.app */;
			productType = "com.apple.product-type.application";
		};
/* End PBXNativeTarget section */

/* Begin PBXProject section */
		42C5630B2CC2C18D008831E4 /* Project object */ = {
			isa = PBXProject;
			attributes = {
				BuildIndependentTargetsInParallel = 1;
				LastSwiftUpdateCheck = 1540;
				LastUpgradeCheck = 1540;
				TargetAttributes = {
					42C563122CC2C18D008831E4 = {
						CreatedOnToolsVersion = 15.4;
					};
				};
			};
			buildConfigurationList = 42C5630E2CC2C18D008831E4 /* Build configuration list for PBXProject "Buzz" */;
			compatibilityVersion = "Xcode 14.0";
			developmentRegion = en;
			hasScannedForEncodings = 0;
			knownRegions = (
				en,
				Base,
			);
			mainGroup = 42C5630A2CC2C18D008831E4;
			productRefGroup = 42C563142CC2C18D008831E4 /* Products */;
			projectDirPath = "";
			projectRoot = "";
			targets = (
				42C563122CC2C18D008831E4 /* Buzz */,
			);
		};
/* End PBXProject section */

/* Begin PBXResourcesBuildPhase section */
		42C563112CC2C18D008831E4 /* Resources */ = {
			isa = PBXResourcesBuildPhase;
			buildActionMask = 2147483647;
			files = (
				42C563202CC2C18F008831E4 /* Assets.xcassets in Resources */,
				42C563232CC2C18F008831E4 /* Base in Resources */,
			);
			runOnlyForDeploymentPostprocessing = 0;
		};
/* End PBXResourcesBuildPhase section */

/* Begin PBXShellScriptBuildPhase section */
		9552417FB00BB6F68E81E246 /* [CP] Check Pods Manifest.lock */ = {
			isa = PBXShellScriptBuildPhase;
			buildActionMask = 2147483647;
			files = (
			);
			inputFileListPaths = (
			);
			inputPaths = (
				"${PODS_PODFILE_DIR_PATH}/Podfile.lock",
				"${PODS_ROOT}/Manifest.lock",
			);
			name = "[CP] Check Pods Manifest.lock";
			outputFileListPaths = (
			);
			outputPaths = (
				"$(DERIVED_FILE_DIR)/Pods-Buzz-checkManifestLockResult.txt",
			);
			runOnlyForDeploymentPostprocessing = 0;
			shellPath = /bin/sh;
			shellScript = "diff \"${PODS_PODFILE_DIR_PATH}/Podfile.lock\" \"${PODS_ROOT}/Manifest.lock\" > /dev/null\nif [ $? != 0 ] ; then\n    # print error to STDERR\n    echo \"error: The sandbox is not in sync with the Podfile.lock. Run 'pod install' or update your CocoaPods installation.\" >&2\n    exit 1\nfi\n# This output is used by Xcode 'outputs' to avoid re-running this script phase.\necho \"SUCCESS\" > \"${SCRIPT_OUTPUT_FILE_0}\"\n";
			showEnvVarsInLog = 0;
		};
		E90A23C7158596D5C7FF9122 /* [CP] Embed Pods Frameworks */ = {
			isa = PBXShellScriptBuildPhase;
			buildActionMask = 2147483647;
			files = (
			);
			inputFileListPaths = (
				"${PODS_ROOT}/Target Support Files/Pods-Buzz/Pods-Buzz-frameworks-${CONFIGURATION}-input-files.xcfilelist",
			);
			name = "[CP] Embed Pods Frameworks";
			outputFileListPaths = (
				"${PODS_ROOT}/Target Support Files/Pods-Buzz/Pods-Buzz-frameworks-${CONFIGURATION}-output-files.xcfilelist",
			);
			runOnlyForDeploymentPostprocessing = 0;
			shellPath = /bin/sh;
			shellScript = "\"${PODS_ROOT}/Target Support Files/Pods-Buzz/Pods-Buzz-frameworks.sh\"\n";
			showEnvVarsInLog = 0;
		};
/* End PBXShellScriptBuildPhase section */

/* Begin PBXSourcesBuildPhase section */
		42C5630F2CC2C18D008831E4 /* Sources */ = {
			isa = PBXSourcesBuildPhase;
			buildActionMask = 2147483647;
			files = (
				42F9E11C2CCB193F00BA7450 /* NewsListDetailModel.swift in Sources */,
				42F9E1162CCB16E400BA7450 /* NewsListDetailInteractor.swift in Sources */,
				42C563472CC6F0E0008831E4 /* Date+.swift in Sources */,
				42C563322CC677A5008831E4 /* URLSessionNetworking.swift in Sources */,
				42C563442CC6EF03008831E4 /* NewsListPresenter.swift in Sources */,
				42F9E1122CCB10E300BA7450 /* NewsListDetailsViewController.swift in Sources */,
				42C563172CC2C18D008831E4 /* AppDelegate.swift in Sources */,
				42F9E1192CCB187C00BA7450 /* NewsListDetailsPresenter.swift in Sources */,
				42C563352CC67B02008831E4 /* Article.swift in Sources */,
				42C5632F2CC2C262008831E4 /* NewsListRouter.swift in Sources */,
				42C563192CC2C18D008831E4 /* SceneDelegate.swift in Sources */,
				42C5632C2CC2C1FC008831E4 /* NewsListViewController.swift in Sources */,
				42C563412CC6B94C008831E4 /* NewsListModel.swift in Sources */,
				42C563492CC814BC008831E4 /* NewsListArticleCell.swift in Sources */,
				42C563382CC67C28008831E4 /* NewsApiWorker.swift in Sources */,
				42C5633A2CC6AE11008831E4 /* NewsListInteractor.swift in Sources */,
			);
			runOnlyForDeploymentPostprocessing = 0;
		};
/* End PBXSourcesBuildPhase section */

/* Begin PBXVariantGroup section */
		42C563212CC2C18F008831E4 /* LaunchScreen.storyboard */ = {
			isa = PBXVariantGroup;
			children = (
				42C563222CC2C18F008831E4 /* Base */,
			);
			name = LaunchScreen.storyboard;
			sourceTree = "<group>";
		};
/* End PBXVariantGroup section */

/* Begin XCBuildConfiguration section */
		42C563252CC2C18F008831E4 /* Debug */ = {
			isa = XCBuildConfiguration;
			buildSettings = {
				ALWAYS_SEARCH_USER_PATHS = NO;
				ASSETCATALOG_COMPILER_GENERATE_SWIFT_ASSET_SYMBOL_EXTENSIONS = YES;
				CLANG_ANALYZER_NONNULL = YES;
				CLANG_ANALYZER_NUMBER_OBJECT_CONVERSION = YES_AGGRESSIVE;
				CLANG_CXX_LANGUAGE_STANDARD = "gnu++20";
				CLANG_ENABLE_MODULES = YES;
				CLANG_ENABLE_OBJC_ARC = YES;
				CLANG_ENABLE_OBJC_WEAK = YES;
				CLANG_WARN_BLOCK_CAPTURE_AUTORELEASING = YES;
				CLANG_WARN_BOOL_CONVERSION = YES;
				CLANG_WARN_COMMA = YES;
				CLANG_WARN_CONSTANT_CONVERSION = YES;
				CLANG_WARN_DEPRECATED_OBJC_IMPLEMENTATIONS = YES;
				CLANG_WARN_DIRECT_OBJC_ISA_USAGE = YES_ERROR;
				CLANG_WARN_DOCUMENTATION_COMMENTS = YES;
				CLANG_WARN_EMPTY_BODY = YES;
				CLANG_WARN_ENUM_CONVERSION = YES;
				CLANG_WARN_INFINITE_RECURSION = YES;
				CLANG_WARN_INT_CONVERSION = YES;
				CLANG_WARN_NON_LITERAL_NULL_CONVERSION = YES;
				CLANG_WARN_OBJC_IMPLICIT_RETAIN_SELF = YES;
				CLANG_WARN_OBJC_LITERAL_CONVERSION = YES;
				CLANG_WARN_OBJC_ROOT_CLASS = YES_ERROR;
				CLANG_WARN_QUOTED_INCLUDE_IN_FRAMEWORK_HEADER = YES;
				CLANG_WARN_RANGE_LOOP_ANALYSIS = YES;
				CLANG_WARN_STRICT_PROTOTYPES = YES;
				CLANG_WARN_SUSPICIOUS_MOVE = YES;
				CLANG_WARN_UNGUARDED_AVAILABILITY = YES_AGGRESSIVE;
				CLANG_WARN_UNREACHABLE_CODE = YES;
				CLANG_WARN__DUPLICATE_METHOD_MATCH = YES;
				COPY_PHASE_STRIP = NO;
				DEBUG_INFORMATION_FORMAT = dwarf;
				ENABLE_STRICT_OBJC_MSGSEND = YES;
				ENABLE_TESTABILITY = YES;
				ENABLE_USER_SCRIPT_SANDBOXING = YES;
				GCC_C_LANGUAGE_STANDARD = gnu17;
				GCC_DYNAMIC_NO_PIC = NO;
				GCC_NO_COMMON_BLOCKS = YES;
				GCC_OPTIMIZATION_LEVEL = 0;
				GCC_PREPROCESSOR_DEFINITIONS = (
					"DEBUG=1",
					"$(inherited)",
				);
				GCC_WARN_64_TO_32_BIT_CONVERSION = YES;
				GCC_WARN_ABOUT_RETURN_TYPE = YES_ERROR;
				GCC_WARN_UNDECLARED_SELECTOR = YES;
				GCC_WARN_UNINITIALIZED_AUTOS = YES_AGGRESSIVE;
				GCC_WARN_UNUSED_FUNCTION = YES;
				GCC_WARN_UNUSED_VARIABLE = YES;
				IPHONEOS_DEPLOYMENT_TARGET = 17.5;
				LOCALIZATION_PREFERS_STRING_CATALOGS = YES;
				MTL_ENABLE_DEBUG_INFO = INCLUDE_SOURCE;
				MTL_FAST_MATH = YES;
				ONLY_ACTIVE_ARCH = YES;
				SDKROOT = iphoneos;
				SWIFT_ACTIVE_COMPILATION_CONDITIONS = "DEBUG $(inherited)";
				SWIFT_OPTIMIZATION_LEVEL = "-Onone";
			};
			name = Debug;
		};
		42C563262CC2C18F008831E4 /* Release */ = {
			isa = XCBuildConfiguration;
			buildSettings = {
				ALWAYS_SEARCH_USER_PATHS = NO;
				ASSETCATALOG_COMPILER_GENERATE_SWIFT_ASSET_SYMBOL_EXTENSIONS = YES;
				CLANG_ANALYZER_NONNULL = YES;
				CLANG_ANALYZER_NUMBER_OBJECT_CONVERSION = YES_AGGRESSIVE;
				CLANG_CXX_LANGUAGE_STANDARD = "gnu++20";
				CLANG_ENABLE_MODULES = YES;
				CLANG_ENABLE_OBJC_ARC = YES;
				CLANG_ENABLE_OBJC_WEAK = YES;
				CLANG_WARN_BLOCK_CAPTURE_AUTORELEASING = YES;
				CLANG_WARN_BOOL_CONVERSION = YES;
				CLANG_WARN_COMMA = YES;
				CLANG_WARN_CONSTANT_CONVERSION = YES;
				CLANG_WARN_DEPRECATED_OBJC_IMPLEMENTATIONS = YES;
				CLANG_WARN_DIRECT_OBJC_ISA_USAGE = YES_ERROR;
				CLANG_WARN_DOCUMENTATION_COMMENTS = YES;
				CLANG_WARN_EMPTY_BODY = YES;
				CLANG_WARN_ENUM_CONVERSION = YES;
				CLANG_WARN_INFINITE_RECURSION = YES;
				CLANG_WARN_INT_CONVERSION = YES;
				CLANG_WARN_NON_LITERAL_NULL_CONVERSION = YES;
				CLANG_WARN_OBJC_IMPLICIT_RETAIN_SELF = YES;
				CLANG_WARN_OBJC_LITERAL_CONVERSION = YES;
				CLANG_WARN_OBJC_ROOT_CLASS = YES_ERROR;
				CLANG_WARN_QUOTED_INCLUDE_IN_FRAMEWORK_HEADER = YES;
				CLANG_WARN_RANGE_LOOP_ANALYSIS = YES;
				CLANG_WARN_STRICT_PROTOTYPES = YES;
				CLANG_WARN_SUSPICIOUS_MOVE = YES;
				CLANG_WARN_UNGUARDED_AVAILABILITY = YES_AGGRESSIVE;
				CLANG_WARN_UNREACHABLE_CODE = YES;
				CLANG_WARN__DUPLICATE_METHOD_MATCH = YES;
				COPY_PHASE_STRIP = NO;
				DEBUG_INFORMATION_FORMAT = "dwarf-with-dsym";
				ENABLE_NS_ASSERTIONS = NO;
				ENABLE_STRICT_OBJC_MSGSEND = YES;
				ENABLE_USER_SCRIPT_SANDBOXING = YES;
				GCC_C_LANGUAGE_STANDARD = gnu17;
				GCC_NO_COMMON_BLOCKS = YES;
				GCC_WARN_64_TO_32_BIT_CONVERSION = YES;
				GCC_WARN_ABOUT_RETURN_TYPE = YES_ERROR;
				GCC_WARN_UNDECLARED_SELECTOR = YES;
				GCC_WARN_UNINITIALIZED_AUTOS = YES_AGGRESSIVE;
				GCC_WARN_UNUSED_FUNCTION = YES;
				GCC_WARN_UNUSED_VARIABLE = YES;
				IPHONEOS_DEPLOYMENT_TARGET = 17.5;
				LOCALIZATION_PREFERS_STRING_CATALOGS = YES;
				MTL_ENABLE_DEBUG_INFO = NO;
				MTL_FAST_MATH = YES;
				SDKROOT = iphoneos;
				SWIFT_COMPILATION_MODE = wholemodule;
				VALIDATE_PRODUCT = YES;
			};
			name = Release;
		};
		42C563282CC2C18F008831E4 /* Debug */ = {
			isa = XCBuildConfiguration;
			baseConfigurationReference = BA14F55034F7CE993BCB9754 /* Pods-Buzz.debug.xcconfig */;
			buildSettings = {
				ASSETCATALOG_COMPILER_APPICON_NAME = AppIcon;
				ASSETCATALOG_COMPILER_GLOBAL_ACCENT_COLOR_NAME = AccentColor;
				CODE_SIGN_STYLE = Automatic;
				CURRENT_PROJECT_VERSION = 1;
				DEVELOPMENT_TEAM = CTDN3273R3;
				ENABLE_USER_SCRIPT_SANDBOXING = NO;
				GENERATE_INFOPLIST_FILE = YES;
				INFOPLIST_FILE = Buzz/Info.plist;
				INFOPLIST_KEY_UIApplicationSupportsIndirectInputEvents = YES;
				INFOPLIST_KEY_UILaunchStoryboardName = LaunchScreen;
				INFOPLIST_KEY_UISupportedInterfaceOrientations_iPad = "UIInterfaceOrientationPortrait UIInterfaceOrientationPortraitUpsideDown UIInterfaceOrientationLandscapeLeft UIInterfaceOrientationLandscapeRight";
				INFOPLIST_KEY_UISupportedInterfaceOrientations_iPhone = "UIInterfaceOrientationPortrait UIInterfaceOrientationLandscapeLeft UIInterfaceOrientationLandscapeRight";
				LD_RUNPATH_SEARCH_PATHS = (
					"$(inherited)",
					"@executable_path/Frameworks",
				);
				MARKETING_VERSION = 1.0;
				PRODUCT_BUNDLE_IDENTIFIER = br.com.vhenriquebm.Buzz;
				PRODUCT_NAME = "$(TARGET_NAME)";
				SWIFT_EMIT_LOC_STRINGS = YES;
				SWIFT_VERSION = 5.0;
				TARGETED_DEVICE_FAMILY = "1,2";
			};
			name = Debug;
		};
		42C563292CC2C18F008831E4 /* Release */ = {
			isa = XCBuildConfiguration;
			baseConfigurationReference = 591CE518A271CD014BC326D8 /* Pods-Buzz.release.xcconfig */;
			buildSettings = {
				ASSETCATALOG_COMPILER_APPICON_NAME = AppIcon;
				ASSETCATALOG_COMPILER_GLOBAL_ACCENT_COLOR_NAME = AccentColor;
				CODE_SIGN_STYLE = Automatic;
				CURRENT_PROJECT_VERSION = 1;
				DEVELOPMENT_TEAM = CTDN3273R3;
				ENABLE_USER_SCRIPT_SANDBOXING = NO;
				GENERATE_INFOPLIST_FILE = YES;
				INFOPLIST_FILE = Buzz/Info.plist;
				INFOPLIST_KEY_UIApplicationSupportsIndirectInputEvents = YES;
				INFOPLIST_KEY_UILaunchStoryboardName = LaunchScreen;
				INFOPLIST_KEY_UISupportedInterfaceOrientations_iPad = "UIInterfaceOrientationPortrait UIInterfaceOrientationPortraitUpsideDown UIInterfaceOrientationLandscapeLeft UIInterfaceOrientationLandscapeRight";
				INFOPLIST_KEY_UISupportedInterfaceOrientations_iPhone = "UIInterfaceOrientationPortrait UIInterfaceOrientationLandscapeLeft UIInterfaceOrientationLandscapeRight";
				LD_RUNPATH_SEARCH_PATHS = (
					"$(inherited)",
					"@executable_path/Frameworks",
				);
				MARKETING_VERSION = 1.0;
				PRODUCT_BUNDLE_IDENTIFIER = br.com.vhenriquebm.Buzz;
				PRODUCT_NAME = "$(TARGET_NAME)";
				SWIFT_EMIT_LOC_STRINGS = YES;
				SWIFT_VERSION = 5.0;
				TARGETED_DEVICE_FAMILY = "1,2";
			};
			name = Release;
		};
/* End XCBuildConfiguration section */

/* Begin XCConfigurationList section */
		42C5630E2CC2C18D008831E4 /* Build configuration list for PBXProject "Buzz" */ = {
			isa = XCConfigurationList;
			buildConfigurations = (
				42C563252CC2C18F008831E4 /* Debug */,
				42C563262CC2C18F008831E4 /* Release */,
			);
			defaultConfigurationIsVisible = 0;
			defaultConfigurationName = Release;
		};
		42C563272CC2C18F008831E4 /* Build configuration list for PBXNativeTarget "Buzz" */ = {
			isa = XCConfigurationList;
			buildConfigurations = (
				42C563282CC2C18F008831E4 /* Debug */,
				42C563292CC2C18F008831E4 /* Release */,
			);
			defaultConfigurationIsVisible = 0;
			defaultConfigurationName = Release;
		};
/* End XCConfigurationList section */
	};
	rootObject = 42C5630B2CC2C18D008831E4 /* Project object */;
}
